PODS:
  - AFNetworking (2.3.1):
    - AFNetworking/NSURLConnection
    - AFNetworking/NSURLSession
    - AFNetworking/Reachability
    - AFNetworking/Security
    - AFNetworking/Serialization
    - AFNetworking/UIKit
  - AFNetworking/NSURLConnection (2.3.1):
    - AFNetworking/Reachability
    - AFNetworking/Security
    - AFNetworking/Serialization
  - AFNetworking/NSURLSession (2.3.1):
    - AFNetworking/Reachability
    - AFNetworking/Security
    - AFNetworking/Serialization
  - AFNetworking/Reachability (2.3.1)
  - AFNetworking/Security (2.3.1)
  - AFNetworking/Serialization (2.3.1)
  - AFNetworking/UIKit (2.3.1):
    - AFNetworking/NSURLConnection
    - AFNetworking/NSURLSession
  - SHSPhoneComponent (2.11)
  - socket.IO (0.5.2):
    - SocketRocket (~> 0.2)
  - SocketRocket (0.3.1-beta2)

DEPENDENCIES:
  - AFNetworking (~> 2.3)
  - SHSPhoneComponent (~> 2.11)
  - socket.IO
  - SocketRocket

SPEC CHECKSUMS:
  AFNetworking: 6d7b76aa5d04c8c37daad3eef4b7e3f2a7620da3
  SHSPhoneComponent: 728c61d5dfe23314273c9e7ee9d05b314489425b
  socket.IO: db3e71805c862038ab73209dda2b0ad6babc54b2
  SocketRocket: 79a68ae186063c65e1fe6f638b1ae2927aa5f304

COCOAPODS: 0.33.1
